
Microsoft Visual Studio Solution File, Format Version 12.00
# Visual Studio Version 16
VisualStudioVersion = 16.0.30320.27
MinimumVisualStudioVersion = 10.0.40219.1
Project("{FAE04EC0-301F-11D3-BF4B-00C04F79EFBC}") = "keenMVCAngularSolution", "keenMVCAngularSolution.csproj", "{5C494CF7-D735-41CF-AB0B-3F20ADBBC297}"
EndProject
Global
	GlobalSection(SolutionConfigurationPlatforms) = preSolution
		Debug|Any CPU = Debug|Any CPU
		Release|Any CPU = Release|Any CPU
	EndGlobalSection
	GlobalSection(ProjectConfigurationPlatforms) = postSolution
		{5C494CF7-D735-41CF-AB0B-3F20ADBBC297}.Debug|Any CPU.ActiveCfg = Debug|Any CPU
		{5C494CF7-D735-41CF-AB0B-3F20ADBBC297}.Debug|Any CPU.Build.0 = Debug|Any CPU
		{5C494CF7-D735-41CF-AB0B-3F20ADBBC297}.Release|Any CPU.ActiveCfg = Release|Any CPU
		{5C494CF7-D735-41CF-AB0B-3F20ADBBC297}.Release|Any CPU.Build.0 = Release|Any CPU
	EndGlobalSection
	GlobalSection(SolutionProperties) = preSolution
		HideSolutionNode = FALSE
	EndGlobalSection
	GlobalSection(ExtensibilityGlobals) = postSolution
		SolutionGuid = {74BD627F-669E-48D4-903B-7AD1A34BC768}
	EndGlobalSection
EndGlobal
